
Microsoft Visual Studio Solution File, Format Version 12.00
# Visual Studio 15
VisualStudioVersion = 15.0.26124.0
MinimumVisualStudioVersion = 15.0.26124.0
Project("{FAE04EC0-301F-11D3-BF4B-00C04F79EFBC}") = "API", "API\API.csproj", "{7F6D2184-9192-4A85-AF2D-6006E4FD5AC7}"
EndProject
Project("{FAE04EC0-301F-11D3-BF4B-00C04F79EFBC}") = "Core", "Core\Core.csproj", "{68B76C20-972B-4D27-9E31-261D655B32C8}"
EndProject
Project("{FAE04EC0-301F-11D3-BF4B-00C04F79EFBC}") = "Data", "Data\Data.csproj", "{DB92D882-3EA5-4E13-8099-255309B9B9A0}"
EndProject
Project("{FAE04EC0-301F-11D3-BF4B-00C04F79EFBC}") = "Infrastructure", "Infrastructure\Infrastructure.csproj", "{7E9F5155-1DFA-4970-BDE9-46719EF9303D}"
EndProject
Global
	GlobalSection(SolutionConfigurationPlatforms) = preSolution
		Debug|Any CPU = Debug|Any CPU
		Debug|x64 = Debug|x64
		Debug|x86 = Debug|x86
		Release|Any CPU = Release|Any CPU
		Release|x64 = Release|x64
		Release|x86 = Release|x86
	EndGlobalSection
	GlobalSection(SolutionProperties) = preSolution
		HideSolutionNode = FALSE
	EndGlobalSection
	GlobalSection(ProjectConfigurationPlatforms) = postSolution
		{7F6D2184-9192-4A85-AF2D-6006E4FD5AC7}.Debug|Any CPU.ActiveCfg = Debug|Any CPU
		{7F6D2184-9192-4A85-AF2D-6006E4FD5AC7}.Debug|Any CPU.Build.0 = Debug|Any CPU
		{7F6D2184-9192-4A85-AF2D-6006E4FD5AC7}.Debug|x64.ActiveCfg = Debug|Any CPU
		{7F6D2184-9192-4A85-AF2D-6006E4FD5AC7}.Debug|x64.Build.0 = Debug|Any CPU
		{7F6D2184-9192-4A85-AF2D-6006E4FD5AC7}.Debug|x86.ActiveCfg = Debug|Any CPU
		{7F6D2184-9192-4A85-AF2D-6006E4FD5AC7}.Debug|x86.Build.0 = Debug|Any CPU
		{7F6D2184-9192-4A85-AF2D-6006E4FD5AC7}.Release|Any CPU.ActiveCfg = Release|Any CPU
		{7F6D2184-9192-4A85-AF2D-6006E4FD5AC7}.Release|Any CPU.Build.0 = Release|Any CPU
		{7F6D2184-9192-4A85-AF2D-6006E4FD5AC7}.Release|x64.ActiveCfg = Release|Any CPU
		{7F6D2184-9192-4A85-AF2D-6006E4FD5AC7}.Release|x64.Build.0 = Release|Any CPU
		{7F6D2184-9192-4A85-AF2D-6006E4FD5AC7}.Release|x86.ActiveCfg = Release|Any CPU
		{7F6D2184-9192-4A85-AF2D-6006E4FD5AC7}.Release|x86.Build.0 = Release|Any CPU
		{68B76C20-972B-4D27-9E31-261D655B32C8}.Debug|Any CPU.ActiveCfg = Debug|Any CPU
		{68B76C20-972B-4D27-9E31-261D655B32C8}.Debug|Any CPU.Build.0 = Debug|Any CPU
		{68B76C20-972B-4D27-9E31-261D655B32C8}.Debug|x64.ActiveCfg = Debug|Any CPU
		{68B76C20-972B-4D27-9E31-261D655B32C8}.Debug|x64.Build.0 = Debug|Any CPU
		{68B76C20-972B-4D27-9E31-261D655B32C8}.Debug|x86.ActiveCfg = Debug|Any CPU
		{68B76C20-972B-4D27-9E31-261D655B32C8}.Debug|x86.Build.0 = Debug|Any CPU
		{68B76C20-972B-4D27-9E31-261D655B32C8}.Release|Any CPU.ActiveCfg = Release|Any CPU
		{68B76C20-972B-4D27-9E31-261D655B32C8}.Release|Any CPU.Build.0 = Release|Any CPU
		{68B76C20-972B-4D27-9E31-261D655B32C8}.Release|x64.ActiveCfg = Release|Any CPU
		{68B76C20-972B-4D27-9E31-261D655B32C8}.Release|x64.Build.0 = Release|Any CPU
		{68B76C20-972B-4D27-9E31-261D655B32C8}.Release|x86.ActiveCfg = Release|Any CPU
		{68B76C20-972B-4D27-9E31-261D655B32C8}.Release|x86.Build.0 = Release|Any CPU
		{DB92D882-3EA5-4E13-8099-255309B9B9A0}.Debug|Any CPU.ActiveCfg = Debug|Any CPU
		{DB92D882-3EA5-4E13-8099-255309B9B9A0}.Debug|Any CPU.Build.0 = Debug|Any CPU
		{DB92D882-3EA5-4E13-8099-255309B9B9A0}.Debug|x64.ActiveCfg = Debug|Any CPU
		{DB92D882-3EA5-4E13-8099-255309B9B9A0}.Debug|x64.Build.0 = Debug|Any CPU
		{DB92D882-3EA5-4E13-8099-255309B9B9A0}.Debug|x86.ActiveCfg = Debug|Any CPU
		{DB92D882-3EA5-4E13-8099-255309B9B9A0}.Debug|x86.Build.0 = Debug|Any CPU
		{DB92D882-3EA5-4E13-8099-255309B9B9A0}.Release|Any CPU.ActiveCfg = Release|Any CPU
		{DB92D882-3EA5-4E13-8099-255309B9B9A0}.Release|Any CPU.Build.0 = Release|Any CPU
		{DB92D882-3EA5-4E13-8099-255309B9B9A0}.Release|x64.ActiveCfg = Release|Any CPU
		{DB92D882-3EA5-4E13-8099-255309B9B9A0}.Release|x64.Build.0 = Release|Any CPU
		{DB92D882-3EA5-4E13-8099-255309B9B9A0}.Release|x86.ActiveCfg = Release|Any CPU
		{DB92D882-3EA5-4E13-8099-255309B9B9A0}.Release|x86.Build.0 = Release|Any CPU
		{7E9F5155-1DFA-4970-BDE9-46719EF9303D}.Debug|Any CPU.ActiveCfg = Debug|Any CPU
		{7E9F5155-1DFA-4970-BDE9-46719EF9303D}.Debug|Any CPU.Build.0 = Debug|Any CPU
		{7E9F5155-1DFA-4970-BDE9-46719EF9303D}.Debug|x64.ActiveCfg = Debug|Any CPU
		{7E9F5155-1DFA-4970-BDE9-46719EF9303D}.Debug|x64.Build.0 = Debug|Any CPU
		{7E9F5155-1DFA-4970-BDE9-46719EF9303D}.Debug|x86.ActiveCfg = Debug|Any CPU
		{7E9F5155-1DFA-4970-BDE9-46719EF9303D}.Debug|x86.Build.0 = Debug|Any CPU
		{7E9F5155-1DFA-4970-BDE9-46719EF9303D}.Release|Any CPU.ActiveCfg = Release|Any CPU
		{7E9F5155-1DFA-4970-BDE9-46719EF9303D}.Release|Any CPU.Build.0 = Release|Any CPU
		{7E9F5155-1DFA-4970-BDE9-46719EF9303D}.Release|x64.ActiveCfg = Release|Any CPU
		{7E9F5155-1DFA-4970-BDE9-46719EF9303D}.Release|x64.Build.0 = Release|Any CPU
		{7E9F5155-1DFA-4970-BDE9-46719EF9303D}.Release|x86.ActiveCfg = Release|Any CPU
		{7E9F5155-1DFA-4970-BDE9-46719EF9303D}.Release|x86.Build.0 = Release|Any CPU
	EndGlobalSection
EndGlobal
